
Microsoft Visual Studio Solution File, Format Version 12.00
# Visual Studio Version 17
VisualStudioVersion = 17.0.31903.59
MinimumVisualStudioVersion = 10.0.40219.1
Project("{2150E333-8FDC-42A3-9474-1A3956D46DE8}") = "src", "src", "{FD755F5B-A2D8-4867-87A2-5ECD036EAF37}"
EndProject
Project("{FAE04EC0-301F-11D3-BF4B-00C04F79EFBC}") = "Puzzle", "src\Puzzle\Puzzle.csproj", "{C84B5299-F7A4-4AA1-A129-3CF318D5B938}"
EndProject
Project("{2150E333-8FDC-42A3-9474-1A3956D46DE8}") = "tests", "tests", "{553D707F-E908-414F-B414-15216CE59ED5}"
EndProject
Project("{FAE04EC0-301F-11D3-BF4B-00C04F79EFBC}") = "PuzzleTests", "tests\PuzzleTests\PuzzleTests.csproj", "{B312EF71-B643-430C-8078-CCA05C6CCD09}"
EndProject
Global
	GlobalSection(SolutionConfigurationPlatforms) = preSolution
		Debug|Any CPU = Debug|Any CPU
		Release|Any CPU = Release|Any CPU
	EndGlobalSection
	GlobalSection(SolutionProperties) = preSolution
		HideSolutionNode = FALSE
	EndGlobalSection
	GlobalSection(ProjectConfigurationPlatforms) = postSolution
		{C84B5299-F7A4-4AA1-A129-3CF318D5B938}.Debug|Any CPU.ActiveCfg = Debug|Any CPU
		{C84B5299-F7A4-4AA1-A129-3CF318D5B938}.Debug|Any CPU.Build.0 = Debug|Any CPU
		{C84B5299-F7A4-4AA1-A129-3CF318D5B938}.Release|Any CPU.ActiveCfg = Release|Any CPU
		{C84B5299-F7A4-4AA1-A129-3CF318D5B938}.Release|Any CPU.Build.0 = Release|Any CPU
		{B312EF71-B643-430C-8078-CCA05C6CCD09}.Debug|Any CPU.ActiveCfg = Debug|Any CPU
		{B312EF71-B643-430C-8078-CCA05C6CCD09}.Debug|Any CPU.Build.0 = Debug|Any CPU
		{B312EF71-B643-430C-8078-CCA05C6CCD09}.Release|Any CPU.ActiveCfg = Release|Any CPU
		{B312EF71-B643-430C-8078-CCA05C6CCD09}.Release|Any CPU.Build.0 = Release|Any CPU
	EndGlobalSection
	GlobalSection(NestedProjects) = preSolution
		{C84B5299-F7A4-4AA1-A129-3CF318D5B938} = {FD755F5B-A2D8-4867-87A2-5ECD036EAF37}
		{B312EF71-B643-430C-8078-CCA05C6CCD09} = {553D707F-E908-414F-B414-15216CE59ED5}
	EndGlobalSection
EndGlobal
